github.com/go-ruby-regexp/regexp v0.0.0-20260701043846-fa3d6604e1ee h1:ctauEAdAq129WCrU+dndYcOjNlo1Y94vWNBtgXp1heE=
github.com/go-ruby-regexp/regexp v0.0.0-20260701043846-fa3d6604e1ee/go.mod h1:+0nK2X+aCPMO91bPMM/DT1OFUIzFQeoTPGkkOR3kd84=
github.com/go-ruby-strscan/strscan v0.0.0-20260701044334-d0cc926643a8 h1:WxInOHCeP0EDmZqorooXIYTcDgBNm+3rOnfjRcWHlN0=
github.com/go-ruby-strscan/strscan v0.0.0-20260701044334-d0cc926643a8/go.mod h1:WNa2NtlvT8gaOrAw6m3VCb+8WgBWdOLLEWbKiugZ2wY=
